// !$*UTF8*$!
{
	archiveVersion = 1;
	classes = {
	};
	objectVersion = 50;
	objects = {

/* Begin PBXBuildFile section */
		5FC36682263B5B6800A55BAA /* AppDelegate.swift in Sources */ = {isa = PBXBuildFile; fileRef = 5FC36681263B5B6800A55BAA /* AppDelegate.swift */; };
		5FC36684263B5B6800A55BAA /* SceneDelegate.swift in Sources */ = {isa = PBXBuildFile; fileRef = 5FC36683263B5B6800A55BAA /* SceneDelegate.swift */; };
		5FC36686263B5B6800A55BAA /* ViewController.swift in Sources */ = {isa = PBXBuildFile; fileRef = 5FC36685263B5B6800A55BAA /* ViewController.swift */; };
		5FC36689263B5B6800A55BAA /* Main.storyboard in Resources */ = {isa = PBXBuildFile; fileRef = 5FC36687263B5B6800A55BAA /* Main.storyboard */; };
		5FC3668B263B5B7F00A55BAA /* Assets.xcassets in Resources */ = {isa = PBXBuildFile; fileRef = 5FC3668A263B5B7F00A55BAA /* Assets.xcassets */; };
		5FC3668E263B5B7F00A55BAA /* LaunchScreen.storyboard in Resources */ = {isa = PBXBuildFile; fileRef = 5FC3668C263B5B7F00A55BAA /* LaunchScreen.storyboard */; };
		5FC36699263B5B8100A55BAA /* RickAndMortyTests.swift in Sources */ = {isa = PBXBuildFile; fileRef = 5FC36698263B5B8100A55BAA /* RickAndMortyTests.swift */; };
		5FC366A4263B5B8100A55BAA /* RickAndMortyUITests.swift in Sources */ = {isa = PBXBuildFile; fileRef = 5FC366A3263B5B8100A55BAA /* RickAndMortyUITests.swift */; };
/* End PBXBuildFile section */

/* Begin PBXContainerItemProxy section */
		5FC36695263B5B8100A55BAA /* PBXContainerItemProxy */ = {
			isa = PBXContainerItemProxy;
			containerPortal = 5FC36676263B5B6700A55BAA /* Project object */;
			proxyType = 1;
			remoteGlobalIDString = 5FC3667D263B5B6800A55BAA;
			remoteInfo = RickAndMorty;
		};
		5FC366A0263B5B8100A55BAA /* PBXContainerItemProxy */ = {
			isa = PBXContainerItemProxy;
			containerPortal = 5FC36676263B5B6700A55BAA /* Project object */;
			proxyType = 1;
			remoteGlobalIDString = 5FC3667D263B5B6800A55BAA;
			remoteInfo = RickAndMorty;
		};
/* End PBXContainerItemProxy section */

/* Begin PBXFileReference section */
		5FC3667E263B5B6800A55BAA /* RickAndMorty.app */ = {isa = PBXFileReference; explicitFileType = wrapper.application; includeInIndex = 0; path = RickAndMorty.app; sourceTree = BUILT_PRODUCTS_DIR; };
		5FC36681263B5B6800A55BAA /* AppDelegate.swift */ = {isa = PBXFileReference; lastKnownFileType = sourcecode.swift; path = AppDelegate.swift; sourceTree = "<group>"; };
		5FC36683263B5B6800A55BAA /* SceneDelegate.swift */ = {isa = PBXFileReference; lastKnownFileType = sourcecode.swift; path = SceneDelegate.swift; sourceTree = "<group>"; };
		5FC36685263B5B6800A55BAA /* ViewController.swift */ = {isa = PBXFileReference; lastKnownFileType = sourcecode.swift; path = ViewController.swift; sourceTree = "<group>"; };
		5FC36688263B5B6800A55BAA /* Base */ = {isa = PBXFileReference; lastKnownFileType = file.storyboard; name = Base; path = Base.lproj/Main.storyboard; sourceTree = "<group>"; };
		5FC3668A263B5B7F00A55BAA /* Assets.xcassets */ = {isa = PBXFileReference; lastKnownFileType = folder.assetcatalog; path = Assets.xcassets; sourceTree = "<group>"; };
		5FC3668D263B5B7F00A55BAA /* Base */ = {isa = PBXFileReference; lastKnownFileType = file.storyboard; name = Base; path = Base.lproj/LaunchScreen.storyboard; sourceTree = "<group>"; };
		5FC3668F263B5B7F00A55BAA /* Info.plist */ = {isa = PBXFileReference; lastKnownFileType = text.plist.xml; path = Info.plist; sourceTree = "<group>"; };
		5FC36694263B5B8100A55BAA /* RickAndMortyTests.xctest */ = {isa = PBXFileReference; explicitFileType = wrapper.cfbundle; includeInIndex = 0; path = RickAndMortyTests.xctest; sourceTree = BUILT_PRODUCTS_DIR; };
		5FC36698263B5B8100A55BAA /* RickAndMortyTests.swift */ = {isa = PBXFileReference; lastKnownFileType = sourcecode.swift; path = RickAndMortyTests.swift; sourceTree = "<group>"; };
		5FC3669A263B5B8100A55BAA /* Info.plist */ = {isa = PBXFileReference; lastKnownFileType = text.plist.xml; path = Info.plist; sourceTree = "<group>"; };
		5FC3669F263B5B8100A55BAA /* RickAndMortyUITests.xctest */ = {isa = PBXFileReference; explicitFileType = wrapper.cfbundle; includeInIndex = 0; path = RickAndMortyUITests.xctest; sourceTree = BUILT_PRODUCTS_DIR; };
		5FC366A3263B5B8100A55BAA /* RickAndMortyUITests.swift */ = {isa = PBXFileReference; lastKnownFileType = sourcecode.swift; path = RickAndMortyUITests.swift; sourceTree = "<group>"; };
		5FC366A5263B5B8100A55BAA /* Info.plist */ = {isa = PBXFileReference; lastKnownFileType = text.plist.xml; path = Info.plist; sourceTree = "<group>"; };
/* End PBXFileReference section */

/* Begin PBXFrameworksBuildPhase section */
		5FC3667B263B5B6800A55BAA /* Frameworks */ = {
			isa = PBXFrameworksBuildPhase;
			buildActionMask = 2147483647;
			files = (
			);
			runOnlyForDeploymentPostprocessing = 0;
		};
		5FC36691263B5B8100A55BAA /* Frameworks */ = {
			isa = PBXFrameworksBuildPhase;
			buildActionMask = 2147483647;
			files = (
			);
			runOnlyForDeploymentPostprocessing = 0;
		};
		5FC3669C263B5B8100A55BAA /* Frameworks */ = {
			isa = PBXFrameworksBuildPhase;
			buildActionMask = 2147483647;
			files = (
			);
			runOnlyForDeploymentPostprocessing = 0;
		};
/* End PBXFrameworksBuildPhase section */

/* Begin PBXGroup section */
		5FC36675263B5B6700A55BAA = {
			isa = PBXGroup;
			children = (
				5FC36680263B5B6800A55BAA /* RickAndMorty */,
				5FC36697263B5B8100A55BAA /* RickAndMortyTests */,
				5FC366A2263B5B8100A55BAA /* RickAndMortyUITests */,
				5FC3667F263B5B6800A55BAA /* Products */,
			);
			sourceTree = "<group>";
		};
		5FC3667F263B5B6800A55BAA /* Products */ = {
			isa = PBXGroup;
			children = (
				5FC3667E263B5B6800A55BAA /* RickAndMorty.app */,
				5FC36694263B5B8100A55BAA /* RickAndMortyTests.xctest */,
				5FC3669F263B5B8100A55BAA /* RickAndMortyUITests.xctest */,
			);
			name = Products;
			sourceTree = "<group>";
		};
		5FC36680263B5B6800A55BAA /* RickAndMorty */ = {
			isa = PBXGroup;
			children = (
				5FC36681263B5B6800A55BAA /* AppDelegate.swift */,
				5FC36683263B5B6800A55BAA /* SceneDelegate.swift */,
				5FC36685263B5B6800A55BAA /* ViewController.swift */,
				5FC36687263B5B6800A55BAA /* Main.storyboard */,
				5FC3668A263B5B7F00A55BAA /* Assets.xcassets */,
				5FC3668C263B5B7F00A55BAA /* LaunchScreen.storyboard */,
				5FC3668F263B5B7F00A55BAA /* Info.plist */,
			);
			path = RickAndMorty;
			sourceTree = "<group>";
		};
		5FC36697263B5B8100A55BAA /* RickAndMortyTests */ = {
			isa = PBXGroup;
			children = (
				5FC36698263B5B8100A55BAA /* RickAndMortyTests.swift */,
				5FC3669A263B5B8100A55BAA /* Info.plist */,
			);
			path = RickAndMortyTests;
			sourceTree = "<group>";
		};
		5FC366A2263B5B8100A55BAA /* RickAndMortyUITests */ = {
			isa = PBXGroup;
			children = (
				5FC366A3263B5B8100A55BAA /* RickAndMortyUITests.swift */,
				5FC366A5263B5B8100A55BAA /* Info.plist */,
			);
			path = RickAndMortyUITests;
			sourceTree = "<group>";
		};
/* End PBXGroup section */

/* Begin PBXNativeTarget section */
		5FC3667D263B5B6800A55BAA /* RickAndMorty */ = {
			isa = PBXNativeTarget;
			buildConfigurationList = 5FC366A8263B5B8100A55BAA /* Build configuration list for PBXNativeTarget "RickAndMorty" */;
			buildPhases = (
				5FC3667A263B5B6800A55BAA /* Sources */,
				5FC3667B263B5B6800A55BAA /* Frameworks */,
				5FC3667C263B5B6800A55BAA /* Resources */,
			);
			buildRules = (
			);
			dependencies = (
			);
			name = RickAndMorty;
			productName = RickAndMorty;
			productReference = 5FC3667E263B5B6800A55BAA /* RickAndMorty.app */;
			productType = "com.apple.product-type.application";
		};
		5FC36693263B5B8100A55BAA /* RickAndMortyTests */ = {
			isa = PBXNativeTarget;
			buildConfigurationList = 5FC366AB263B5B8100A55BAA /* Build configuration list for PBXNativeTarget "RickAndMortyTests" */;
			buildPhases = (
				5FC36690263B5B8100A55BAA /* Sources */,
				5FC36691263B5B8100A55BAA /* Frameworks */,
				5FC36692263B5B8100A55BAA /* Resources */,
			);
			buildRules = (
			);
			dependencies = (
				5FC36696263B5B8100A55BAA /* PBXTargetDependency */,
			);
			name = RickAndMortyTests;
			productName = RickAndMortyTests;
			productReference = 5FC36694263B5B8100A55BAA /* RickAndMortyTests.xctest */;
			productType = "com.apple.product-type.bundle.unit-test";
		};
		5FC3669E263B5B8100A55BAA /* RickAndMortyUITests */ = {
			isa = PBXNativeTarget;
			buildConfigurationList = 5FC366AE263B5B8100A55BAA /* Build configuration list for PBXNativeTarget "RickAndMortyUITests" */;
			buildPhases = (
				5FC3669B263B5B8100A55BAA /* Sources */,
				5FC3669C263B5B8100A55BAA /* Frameworks */,
				5FC3669D263B5B8100A55BAA /* Resources */,
			);
			buildRules = (
			);
			dependencies = (
				5FC366A1263B5B8100A55BAA /* PBXTargetDependency */,
			);
			name = RickAndMortyUITests;
			productName = RickAndMortyUITests;
			productReference = 5FC3669F263B5B8100A55BAA /* RickAndMortyUITests.xctest */;
			productType = "com.apple.product-type.bundle.ui-testing";
		};
/* End PBXNativeTarget section */

/* Begin PBXProject section */
		5FC36676263B5B6700A55BAA /* Project object */ = {
			isa = PBXProject;
			attributes = {
				LastSwiftUpdateCheck = 1230;
				LastUpgradeCheck = 1230;
				TargetAttributes = {
					5FC3667D263B5B6800A55BAA = {
						CreatedOnToolsVersion = 12.3;
					};
					5FC36693263B5B8100A55BAA = {
						CreatedOnToolsVersion = 12.3;
						TestTargetID = 5FC3667D263B5B6800A55BAA;
					};
					5FC3669E263B5B8100A55BAA = {
						CreatedOnToolsVersion = 12.3;
						TestTargetID = 5FC3667D263B5B6800A55BAA;
					};
				};
			};
			buildConfigurationList = 5FC36679263B5B6800A55BAA /* Build configuration list for PBXProject "RickAndMorty" */;
			compatibilityVersion = "Xcode 9.3";
			developmentRegion = en;
			hasScannedForEncodings = 0;
			knownRegions = (
				en,
				Base,
			);
			mainGroup = 5FC36675263B5B6700A55BAA;
			productRefGroup = 5FC3667F263B5B6800A55BAA /* Products */;
			projectDirPath = "";
			projectRoot = "";
			targets = (
				5FC3667D263B5B6800A55BAA /* RickAndMorty */,
				5FC36693263B5B8100A55BAA /* RickAndMortyTests */,
				5FC3669E263B5B8100A55BAA /* RickAndMortyUITests */,
			);
		};
/* End PBXProject section */

/* Begin PBXResourcesBuildPhase section */
		5FC3667C263B5B6800A55BAA /* Resources */ = {
			isa = PBXResourcesBuildPhase;
			buildActionMask = 2147483647;
			files = (
				5FC3668E263B5B7F00A55BAA /* LaunchScreen.storyboard in Resources */,
				5FC3668B263B5B7F00A55BAA /* Assets.xcassets in Resources */,
				5FC36689263B5B6800A55BAA /* Main.storyboard in Resources */,
			);
			runOnlyForDeploymentPostprocessing = 0;
		};
		5FC36692263B5B8100A55BAA /* Resources */ = {
			isa = PBXResourcesBuildPhase;
			buildActionMask = 2147483647;
			files = (
			);
			runOnlyForDeploymentPostprocessing = 0;
		};
		5FC3669D263B5B8100A55BAA /* Resources */ = {
			isa = PBXResourcesBuildPhase;
			buildActionMask = 2147483647;
			files = (
			);
			runOnlyForDeploymentPostprocessing = 0;
		};
/* End PBXResourcesBuildPhase section */

/* Begin PBXSourcesBuildPhase section */
		5FC3667A263B5B6800A55BAA /* Sources */ = {
			isa = PBXSourcesBuildPhase;
			buildActionMask = 2147483647;
			files = (
				5FC36686263B5B6800A55BAA /* ViewController.swift in Sources */,
				5FC36682263B5B6800A55BAA /* AppDelegate.swift in Sources */,
				5FC36684263B5B6800A55BAA /* SceneDelegate.swift in Sources */,
			);
			runOnlyForDeploymentPostprocessing = 0;
		};
		5FC36690263B5B8100A55BAA /* Sources */ = {
			isa = PBXSourcesBuildPhase;
			buildActionMask = 2147483647;
			files = (
				5FC36699263B5B8100A55BAA /* RickAndMortyTests.swift in Sources */,
			);
			runOnlyForDeploymentPostprocessing = 0;
		};
		5FC3669B263B5B8100A55BAA /* Sources */ = {
			isa = PBXSourcesBuildPhase;
			buildActionMask = 2147483647;
			files = (
				5FC366A4263B5B8100A55BAA /* RickAndMortyUITests.swift in Sources */,
			);
			runOnlyForDeploymentPostprocessing = 0;
		};
/* End PBXSourcesBuildPhase section */

/* Begin PBXTargetDependency section */
		5FC36696263B5B8100A55BAA /* PBXTargetDependency */ = {
			isa = PBXTargetDependency;
			target = 5FC3667D263B5B6800A55BAA /* RickAndMorty */;
			targetProxy = 5FC36695263B5B8100A55BAA /* PBXContainerItemProxy */;
		};
		5FC366A1263B5B8100A55BAA /* PBXTargetDependency */ = {
			isa = PBXTargetDependency;
			target = 5FC3667D263B5B6800A55BAA /* RickAndMorty */;
			targetProxy = 5FC366A0263B5B8100A55BAA /* PBXContainerItemProxy */;
		};
/* End PBXTargetDependency section */

/* Begin PBXVariantGroup section */
		5FC36687263B5B6800A55BAA /* Main.storyboard */ = {
			isa = PBXVariantGroup;
			children = (
				5FC36688263B5B6800A55BAA /* Base */,
			);
			name = Main.storyboard;
			sourceTree = "<group>";
		};
		5FC3668C263B5B7F00A55BAA /* LaunchScreen.storyboard */ = {
			isa = PBXVariantGroup;
			children = (
				5FC3668D263B5B7F00A55BAA /* Base */,
			);
			name = LaunchScreen.storyboard;
			sourceTree = "<group>";
		};
/* End PBXVariantGroup section */

/* Begin XCBuildConfiguration section */
		5FC366A6263B5B8100A55BAA /* Debug */ = {
			isa = XCBuildConfiguration;
			buildSettings = {
				ALWAYS_SEARCH_USER_PATHS = NO;
				CLANG_ANALYZER_NONNULL = YES;
				CLANG_ANALYZER_NUMBER_OBJECT_CONVERSION = YES_AGGRESSIVE;
				CLANG_CXX_LANGUAGE_STANDARD = "gnu++14";
				CLANG_CXX_LIBRARY = "libc++";
				CLANG_ENABLE_MODULES = YES;
				CLANG_ENABLE_OBJC_ARC = YES;
				CLANG_ENABLE_OBJC_WEAK = YES;
				CLANG_WARN_BLOCK_CAPTURE_AUTORELEASING = YES;
				CLANG_WARN_BOOL_CONVERSION = YES;
				CLANG_WARN_COMMA = YES;
				CLANG_WARN_CONSTANT_CONVERSION = YES;
				CLANG_WARN_DEPRECATED_OBJC_IMPLEMENTATIONS = YES;
				CLANG_WARN_DIRECT_OBJC_ISA_USAGE = YES_ERROR;
				CLANG_WARN_DOCUMENTATION_COMMENTS = YES;
				CLANG_WARN_EMPTY_BODY = YES;
				CLANG_WARN_ENUM_CONVERSION = YES;
				CLANG_WARN_INFINITE_RECURSION = YES;
				CLANG_WARN_INT_CONVERSION = YES;
				CLANG_WARN_NON_LITERAL_NULL_CONVERSION = YES;
				CLANG_WARN_OBJC_IMPLICIT_RETAIN_SELF = YES;
				CLANG_WARN_OBJC_LITERAL_CONVERSION = YES;
				CLANG_WARN_OBJC_ROOT_CLASS = YES_ERROR;
				CLANG_WARN_QUOTED_INCLUDE_IN_FRAMEWORK_HEADER = YES;
				CLANG_WARN_RANGE_LOOP_ANALYSIS = YES;
				CLANG_WARN_STRICT_PROTOTYPES = YES;
				CLANG_WARN_SUSPICIOUS_MOVE = YES;
				CLANG_WARN_UNGUARDED_AVAILABILITY = YES_AGGRESSIVE;
				CLANG_WARN_UNREACHABLE_CODE = YES;
				CLANG_WARN__DUPLICATE_METHOD_MATCH = YES;
				COPY_PHASE_STRIP = NO;
				DEBUG_INFORMATION_FORMAT = dwarf;
				ENABLE_STRICT_OBJC_MSGSEND = YES;
				ENABLE_TESTABILITY = YES;
				GCC_C_LANGUAGE_STANDARD = gnu11;
				GCC_DYNAMIC_NO_PIC = NO;
				GCC_NO_COMMON_BLOCKS = YES;
				GCC_OPTIMIZATION_LEVEL = 0;
				GCC_PREPROCESSOR_DEFINITIONS = (
					"DEBUG=1",
					"$(inherited)",
				);
				GCC_WARN_64_TO_32_BIT_CONVERSION = YES;
				GCC_WARN_ABOUT_RETURN_TYPE = YES_ERROR;
				GCC_WARN_UNDECLARED_SELECTOR = YES;
				GCC_WARN_UNINITIALIZED_AUTOS = YES_AGGRESSIVE;
				GCC_WARN_UNUSED_FUNCTION = YES;
				GCC_WARN_UNUSED_VARIABLE = YES;
				IPHONEOS_DEPLOYMENT_TARGET = 14.3;
				MTL_ENABLE_DEBUG_INFO = INCLUDE_SOURCE;
				MTL_FAST_MATH = YES;
				ONLY_ACTIVE_ARCH = YES;
				SDKROOT = iphoneos;
				SWIFT_ACTIVE_COMPILATION_CONDITIONS = DEBUG;
				SWIFT_OPTIMIZATION_LEVEL = "-Onone";
			};
			name = Debug;
		};
		5FC366A7263B5B8100A55BAA /* Release */ = {
			isa = XCBuildConfiguration;
			buildSettings = {
				ALWAYS_SEARCH_USER_PATHS = NO;
				CLANG_ANALYZER_NONNULL = YES;
				CLANG_ANALYZER_NUMBER_OBJECT_CONVERSION = YES_AGGRESSIVE;
				CLANG_CXX_LANGUAGE_STANDARD = "gnu++14";
				CLANG_CXX_LIBRARY = "libc++";
				CLANG_ENABLE_MODULES = YES;
				CLANG_ENABLE_OBJC_ARC = YES;
				CLANG_ENABLE_OBJC_WEAK = YES;
				CLANG_WARN_BLOCK_CAPTURE_AUTORELEASING = YES;
				CLANG_WARN_BOOL_CONVERSION = YES;
				CLANG_WARN_COMMA = YES;
				CLANG_WARN_CONSTANT_CONVERSION = YES;
				CLANG_WARN_DEPRECATED_OBJC_IMPLEMENTATIONS = YES;
				CLANG_WARN_DIRECT_OBJC_ISA_USAGE = YES_ERROR;
				CLANG_WARN_DOCUMENTATION_COMMENTS = YES;
				CLANG_WARN_EMPTY_BODY = YES;
				CLANG_WARN_ENUM_CONVERSION = YES;
				CLANG_WARN_INFINITE_RECURSION = YES;
				CLANG_WARN_INT_CONVERSION = YES;
				CLANG_WARN_NON_LITERAL_NULL_CONVERSION = YES;
				CLANG_WARN_OBJC_IMPLICIT_RETAIN_SELF = YES;
				CLANG_WARN_OBJC_LITERAL_CONVERSION = YES;
				CLANG_WARN_OBJC_ROOT_CLASS = YES_ERROR;
				CLANG_WARN_QUOTED_INCLUDE_IN_FRAMEWORK_HEADER = YES;
				CLANG_WARN_RANGE_LOOP_ANALYSIS = YES;
				CLANG_WARN_STRICT_PROTOTYPES = YES;
				CLANG_WARN_SUSPICIOUS_MOVE = YES;
				CLANG_WARN_UNGUARDED_AVAILABILITY = YES_AGGRESSIVE;
				CLANG_WARN_UNREACHABLE_CODE = YES;
				CLANG_WARN__DUPLICATE_METHOD_MATCH = YES;
				COPY_PHASE_STRIP = NO;
				DEBUG_INFORMATION_FORMAT = "dwarf-with-dsym";
				ENABLE_NS_ASSERTIONS = NO;
				ENABLE_STRICT_OBJC_MSGSEND = YES;
				GCC_C_LANGUAGE_STANDARD = gnu11;
				GCC_NO_COMMON_BLOCKS = YES;
				GCC_WARN_64_TO_32_BIT_CONVERSION = YES;
				GCC_WARN_ABOUT_RETURN_TYPE = YES_ERROR;
				GCC_WARN_UNDECLARED_SELECTOR = YES;
				GCC_WARN_UNINITIALIZED_AUTOS = YES_AGGRESSIVE;
				GCC_WARN_UNUSED_FUNCTION = YES;
				GCC_WARN_UNUSED_VARIABLE = YES;
				IPHONEOS_DEPLOYMENT_TARGET = 14.3;
				MTL_ENABLE_DEBUG_INFO = NO;
				MTL_FAST_MATH = YES;
				SDKROOT = iphoneos;
				SWIFT_COMPILATION_MODE = wholemodule;
				SWIFT_OPTIMIZATION_LEVEL = "-O";
				VALIDATE_PRODUCT = YES;
			};
			name = Release;
		};
		5FC366A9263B5B8100A55BAA /* Debug */ = {
			isa = XCBuildConfiguration;
			buildSettings = {
				ASSETCATALOG_COMPILER_APPICON_NAME = AppIcon;
				ASSETCATALOG_COMPILER_GLOBAL_ACCENT_COLOR_NAME = AccentColor;
				CODE_SIGN_STYLE = Automatic;
				DEVELOPMENT_TEAM = 7UJZR3QJQ5;
				INFOPLIST_FILE = RickAndMorty/Info.plist;
				LD_RUNPATH_SEARCH_PATHS = (
					"$(inherited)",
					"@executable_path/Frameworks",
				);
				PRODUCT_BUNDLE_IDENTIFIER = com.badyk.RickAndMorty;
				PRODUCT_NAME = "$(TARGET_NAME)";
				SWIFT_VERSION = 5.0;
				TARGETED_DEVICE_FAMILY = "1,2";
			};
			name = Debug;
		};
		5FC366AA263B5B8100A55BAA /* Release */ = {
			isa = XCBuildConfiguration;
			buildSettings = {
				ASSETCATALOG_COMPILER_APPICON_NAME = AppIcon;
				ASSETCATALOG_COMPILER_GLOBAL_ACCENT_COLOR_NAME = AccentColor;
				CODE_SIGN_STYLE = Automatic;
				DEVELOPMENT_TEAM = 7UJZR3QJQ5;
				INFOPLIST_FILE = RickAndMorty/Info.plist;
				LD_RUNPATH_SEARCH_PATHS = (
					"$(inherited)",
					"@executable_path/Frameworks",
				);
				PRODUCT_BUNDLE_IDENTIFIER = com.badyk.RickAndMorty;
				PRODUCT_NAME = "$(TARGET_NAME)";
				SWIFT_VERSION = 5.0;
				TARGETED_DEVICE_FAMILY = "1,2";
			};
			name = Release;
		};
		5FC366AC263B5B8100A55BAA /* Debug */ = {
			isa = XCBuildConfiguration;
			buildSettings = {
				ALWAYS_EMBED_SWIFT_STANDARD_LIBRARIES = YES;
				BUNDLE_LOADER = "$(TEST_HOST)";
				CODE_SIGN_STYLE = Automatic;
				DEVELOPMENT_TEAM = 7UJZR3QJQ5;
				INFOPLIST_FILE = RickAndMortyTests/Info.plist;
				IPHONEOS_DEPLOYMENT_TARGET = 14.3;
				LD_RUNPATH_SEARCH_PATHS = (
					"$(inherited)",
					"@executable_path/Frameworks",
					"@loader_path/Frameworks",
				);
				PRODUCT_BUNDLE_IDENTIFIER = com.badyk.RickAndMortyTests;
				PRODUCT_NAME = "$(TARGET_NAME)";
				SWIFT_VERSION = 5.0;
				TARGETED_DEVICE_FAMILY = "1,2";
				TEST_HOST = "$(BUILT_PRODUCTS_DIR)/RickAndMorty.app/RickAndMorty";
			};
			name = Debug;
		};
		5FC366AD263B5B8100A55BAA /* Release */ = {
			isa = XCBuildConfiguration;
			buildSettings = {
				ALWAYS_EMBED_SWIFT_STANDARD_LIBRARIES = YES;
				BUNDLE_LOADER = "$(TEST_HOST)";
				CODE_SIGN_STYLE = Automatic;
				DEVELOPMENT_TEAM = 7UJZR3QJQ5;
				INFOPLIST_FILE = RickAndMortyTests/Info.plist;
				IPHONEOS_DEPLOYMENT_TARGET = 14.3;
				LD_RUNPATH_SEARCH_PATHS = (
					"$(inherited)",
					"@executable_path/Frameworks",
					"@loader_path/Frameworks",
				);
				PRODUCT_BUNDLE_IDENTIFIER = com.badyk.RickAndMortyTests;
				PRODUCT_NAME = "$(TARGET_NAME)";
				SWIFT_VERSION = 5.0;
				TARGETED_DEVICE_FAMILY = "1,2";
				TEST_HOST = "$(BUILT_PRODUCTS_DIR)/RickAndMorty.app/RickAndMorty";
			};
			name = Release;
		};
		5FC366AF263B5B8100A55BAA /* Debug */ = {
			isa = XCBuildConfiguration;
			buildSettings = {
				ALWAYS_EMBED_SWIFT_STANDARD_LIBRARIES = YES;
				CODE_SIGN_STYLE = Automatic;
				DEVELOPMENT_TEAM = 7UJZR3QJQ5;
				INFOPLIST_FILE = RickAndMortyUITests/Info.plist;
				LD_RUNPATH_SEARCH_PATHS = (
					"$(inherited)",
					"@executable_path/Frameworks",
					"@loader_path/Frameworks",
				);
				PRODUCT_BUNDLE_IDENTIFIER = com.badyk.RickAndMortyUITests;
				PRODUCT_NAME = "$(TARGET_NAME)";
				SWIFT_VERSION = 5.0;
				TARGETED_DEVICE_FAMILY = "1,2";
				TEST_TARGET_NAME = RickAndMorty;
			};
			name = Debug;
		};
		5FC366B0263B5B8100A55BAA /* Release */ = {
			isa = XCBuildConfiguration;
			buildSettings = {
				ALWAYS_EMBED_SWIFT_STANDARD_LIBRARIES = YES;
				CODE_SIGN_STYLE = Automatic;
				DEVELOPMENT_TEAM = 7UJZR3QJQ5;
				INFOPLIST_FILE = RickAndMortyUITests/Info.plist;
				LD_RUNPATH_SEARCH_PATHS = (
					"$(inherited)",
					"@executable_path/Frameworks",
					"@loader_path/Frameworks",
				);
				PRODUCT_BUNDLE_IDENTIFIER = com.badyk.RickAndMortyUITests;
				PRODUCT_NAME = "$(TARGET_NAME)";
				SWIFT_VERSION = 5.0;
				TARGETED_DEVICE_FAMILY = "1,2";
				TEST_TARGET_NAME = RickAndMorty;
			};
			name = Release;
		};
/* End XCBuildConfiguration section */

/* Begin XCConfigurationList section */
		5FC36679263B5B6800A55BAA /* Build configuration list for PBXProject "RickAndMorty" */ = {
			isa = XCConfigurationList;
			buildConfigurations = (
				5FC366A6263B5B8100A55BAA /* Debug */,
				5FC366A7263B5B8100A55BAA /* Release */,
			);
			defaultConfigurationIsVisible = 0;
			defaultConfigurationName = Release;
		};
		5FC366A8263B5B8100A55BAA /* Build configuration list for PBXNativeTarget "RickAndMorty" */ = {
			isa = XCConfigurationList;
			buildConfigurations = (
				5FC366A9263B5B8100A55BAA /* Debug */,
				5FC366AA263B5B8100A55BAA /* Release */,
			);
			defaultConfigurationIsVisible = 0;
			defaultConfigurationName = Release;
		};
		5FC366AB263B5B8100A55BAA /* Build configuration list for PBXNativeTarget "RickAndMortyTests" */ = {
			isa = XCConfigurationList;
			buildConfigurations = (
				5FC366AC263B5B8100A55BAA /* Debug */,
				5FC366AD263B5B8100A55BAA /* Release */,
			);
			defaultConfigurationIsVisible = 0;
			defaultConfigurationName = Release;
		};
		5FC366AE263B5B8100A55BAA /* Build configuration list for PBXNativeTarget "RickAndMortyUITests" */ = {
			isa = XCConfigurationList;
			buildConfigurations = (
				5FC366AF263B5B8100A55BAA /* Debug */,
				5FC366B0263B5B8100A55BAA /* Release */,
			);
			defaultConfigurationIsVisible = 0;
			defaultConfigurationName = Release;
		};
/* End XCConfigurationList section */
	};
	rootObject = 5FC36676263B5B6700A55BAA /* Project object */;
}
